PODS:
  - Alamofire (4.7.2)
  - AlamofireObjectMapper (5.1.0):
    - Alamofire (~> 4.1)
    - ObjectMapper (~> 3.3)
  - GTProgressBar (0.3.0)
  - ObjectMapper (3.3.0)
  - SwiftyJSON (4.1.0)
  - ViewAnimator (2.1.1)

DEPENDENCIES:
  - Alamofire (~> 4.7)
  - AlamofireObjectMapper (~> 5.0)
  - GTProgressBar
  - SwiftyJSON (~> 4.0)
  - ViewAnimator

SPEC REPOS:
  https://github.com/cocoapods/specs.git:
    - Alamofire
    - AlamofireObjectMapper
    - GTProgressBar
    - ObjectMapper
    - SwiftyJSON
    - ViewAnimator

SPEC CHECKSUMS:
  Alamofire: e4fa87002c137ba2d8d634d2c51fabcda0d5c223
  AlamofireObjectMapper: 3395e698901d8b0e6f48b7d0c43bd47875325102
  GTProgressBar: de0d8b060255025b590c9a2fe55846394a674de0
  ObjectMapper: b612bf8c8e99c4dc0bb6013a51f7c27966ed5da9
  SwiftyJSON: c29297daf073d2aa016295d5809cdd68045c39b3
  ViewAnimator: 43c31539508d995ea2c5e98338211f7c009b358f

PODFILE CHECKSUM: eef66eb97b774881f2f678efe1466ed69c34958b

COCOAPODS: 1.5.3
